// !$*UTF8*$!
{
	archiveVersion = 1;
	classes = {
	};
	objectVersion = 46;
	objects = {

/* Begin PBXBuildFile section */
		398020951459CAEB00E678D8 /* UIKit.framework in Frameworks */ = {isa = PBXBuildFile; fileRef = 398020941459CAEB00E678D8 /* UIKit.framework */; };
		398020971459CAEB00E678D8 /* Foundation.framework in Frameworks */ = {isa = PBXBuildFile; fileRef = 398020961459CAEB00E678D8 /* Foundation.framework */; };
		398020991459CAEB00E678D8 /* CoreGraphics.framework in Frameworks */ = {isa = PBXBuildFile; fileRef = 398020981459CAEB00E678D8 /* CoreGraphics.framework */; };
		3980209F1459CAEB00E678D8 /* InfoPlist.strings in Resources */ = {isa = PBXBuildFile; fileRef = 3980209D1459CAEB00E678D8 /* InfoPlist.strings */; };
		398020A11459CAEB00E678D8 /* main.m in Sources */ = {isa = PBXBuildFile; fileRef = 398020A01459CAEB00E678D8 /* main.m */; };
		398020A51459CAEB00E678D8 /* AmericaAppDelegate.m in Sources */ = {isa = PBXBuildFile; fileRef = 398020A41459CAEB00E678D8 /* AmericaAppDelegate.m */; };
		398020B51459CBEF00E678D8 /* View.m in Sources */ = {isa = PBXBuildFile; fileRef = 398020B41459CBEF00E678D8 /* View.m */; };
		39FDCA8E1462D934003BDDB7 /* patton.jpg in Resources */ = {isa = PBXBuildFile; fileRef = 39FDCA8D1462D934003BDDB7 /* patton.jpg */; };
		FAED9F75164B210A001BC213 /* barack_obama.jpg in Resources */ = {isa = PBXBuildFile; fileRef = FAED9F74164B210A001BC213 /* barack_obama.jpg */; };
		FAED9F78164B2114001BC213 /* mitt_romney.jpg in Resources */ = {isa = PBXBuildFile; fileRef = FAED9F77164B2114001BC213 /* mitt_romney.jpg */; };
		FAED9F7A164B2128001BC213 /* obama_smiling.jpg in Resources */ = {isa = PBXBuildFile; fileRef = FAED9F79164B2128001BC213 /* obama_smiling.jpg */; };
		FAED9F7C164B2136001BC213 /* romney_lose.jpg in Resources */ = {isa = PBXBuildFile; fileRef = FAED9F7B164B2136001BC213 /* romney_lose.jpg */; };
/* End PBXBuildFile section */

/* Begin PBXFileReference section */
		398020901459CAEB00E678D8 /* America.app */ = {isa = PBXFileReference; explicitFileType = wrapper.application; includeInIndex = 0; path = America.app; sourceTree = BUILT_PRODUCTS_DIR; };
		398020941459CAEB00E678D8 /* UIKit.framework */ = {isa = PBXFileReference; lastKnownFileType = wrapper.framework; name = UIKit.framework; path = System/Library/Frameworks/UIKit.framework; sourceTree = SDKROOT; };
		398020961459CAEB00E678D8 /* Foundation.framework */ = {isa = PBXFileReference; lastKnownFileType = wrapper.framework; name = Foundation.framework; path = System/Library/Frameworks/Foundation.framework; sourceTree = SDKROOT; };
		398020981459CAEB00E678D8 /* CoreGraphics.framework */ = {isa = PBXFileReference; lastKnownFileType = wrapper.framework; name = CoreGraphics.framework; path = System/Library/Frameworks/CoreGraphics.framework; sourceTree = SDKROOT; };
		3980209C1459CAEB00E678D8 /* America-Info.plist */ = {isa = PBXFileReference; lastKnownFileType = text.plist.xml; path = "America-Info.plist"; sourceTree = "<group>"; };
		3980209E1459CAEB00E678D8 /* en */ = {isa = PBXFileReference; lastKnownFileType = text.plist.strings; name = en; path = en.lproj/InfoPlist.strings; sourceTree = "<group>"; };
		398020A01459CAEB00E678D8 /* main.m */ = {isa = PBXFileReference; lastKnownFileType = sourcecode.c.objc; path = main.m; sourceTree = "<group>"; };
		398020A21459CAEB00E678D8 /* America-Prefix.pch */ = {isa = PBXFileReference; lastKnownFileType = sourcecode.c.h; path = "America-Prefix.pch"; sourceTree = "<group>"; };
		398020A31459CAEB00E678D8 /* AmericaAppDelegate.h */ = {isa = PBXFileReference; lastKnownFileType = sourcecode.c.h; path = AmericaAppDelegate.h; sourceTree = "<group>"; };
		398020A41459CAEB00E678D8 /* AmericaAppDelegate.m */ = {isa = PBXFileReference; lastKnownFileType = sourcecode.c.objc; path = AmericaAppDelegate.m; sourceTree = "<group>"; };
		398020B31459CBEF00E678D8 /* View.h */ = {isa = PBXFileReference; fileEncoding = 4; lastKnownFileType = sourcecode.c.h; path = View.h; sourceTree = "<group>"; };
		398020B41459CBEF00E678D8 /* View.m */ = {isa = PBXFileReference; fileEncoding = 4; lastKnownFileType = sourcecode.c.objc; path = View.m; sourceTree = "<group>"; };
		39FDCA8D1462D934003BDDB7 /* patton.jpg */ = {isa = PBXFileReference; lastKnownFileType = image.jpeg; path = patton.jpg; sourceTree = SOURCE_ROOT; };
		FAED9F74164B210A001BC213 /* barack_obama.jpg */ = {isa = PBXFileReference; lastKnownFileType = image.jpeg; path = barack_obama.jpg; sourceTree = "<group>"; };
		FAED9F77164B2114001BC213 /* mitt_romney.jpg */ = {isa = PBXFileReference; lastKnownFileType = image.jpeg; path = mitt_romney.jpg; sourceTree = "<group>"; };
		FAED9F79164B2128001BC213 /* obama_smiling.jpg */ = {isa = PBXFileReference; lastKnownFileType = image.jpeg; path = obama_smiling.jpg; sourceTree = "<group>"; };
		FAED9F7B164B2136001BC213 /* romney_lose.jpg */ = {isa = PBXFileReference; lastKnownFileType = image.jpeg; path = romney_lose.jpg; sourceTree = "<group>"; };
/* End PBXFileReference section */

/* Begin PBXFrameworksBuildPhase section */
		3980208D1459CAEB00E678D8 /* Frameworks */ = {
			isa = PBXFrameworksBuildPhase;
			buildActionMask = 2147483647;
			files = (
				398020951459CAEB00E678D8 /* UIKit.framework in Frameworks */,
				398020971459CAEB00E678D8 /* Foundation.framework in Frameworks */,
				398020991459CAEB00E678D8 /* CoreGraphics.framework in Frameworks */,
			);
			runOnlyForDeploymentPostprocessing = 0;
		};
/* End PBXFrameworksBuildPhase section */

/* Begin PBXGroup section */
		398020851459CAEB00E678D8 = {
			isa = PBXGroup;
			children = (
				3980209A1459CAEB00E678D8 /* America */,
				398020931459CAEB00E678D8 /* Frameworks */,
				398020911459CAEB00E678D8 /* Products */,
			);
			sourceTree = "<group>";
		};
		398020911459CAEB00E678D8 /* Products */ = {
			isa = PBXGroup;
			children = (
				398020901459CAEB00E678D8 /* America.app */,
			);
			name = Products;
			sourceTree = "<group>";
		};
		398020931459CAEB00E678D8 /* Frameworks */ = {
			isa = PBXGroup;
			children = (
				398020941459CAEB00E678D8 /* UIKit.framework */,
				398020961459CAEB00E678D8 /* Foundation.framework */,
				398020981459CAEB00E678D8 /* CoreGraphics.framework */,
			);
			name = Frameworks;
			sourceTree = "<group>";
		};
		3980209A1459CAEB00E678D8 /* America */ = {
			isa = PBXGroup;
			children = (
				398020A31459CAEB00E678D8 /* AmericaAppDelegate.h */,
				398020A41459CAEB00E678D8 /* AmericaAppDelegate.m */,
				398020B31459CBEF00E678D8 /* View.h */,
				398020B41459CBEF00E678D8 /* View.m */,
				3980209B1459CAEB00E678D8 /* Supporting Files */,
			);
			path = America;
			sourceTree = "<group>";
		};
		3980209B1459CAEB00E678D8 /* Supporting Files */ = {
			isa = PBXGroup;
			children = (
				FAED9F7B164B2136001BC213 /* romney_lose.jpg */,
				FAED9F79164B2128001BC213 /* obama_smiling.jpg */,
				FAED9F77164B2114001BC213 /* mitt_romney.jpg */,
				FAED9F74164B210A001BC213 /* barack_obama.jpg */,
				39FDCA8D1462D934003BDDB7 /* patton.jpg */,
				3980209C1459CAEB00E678D8 /* America-Info.plist */,
				3980209D1459CAEB00E678D8 /* InfoPlist.strings */,
				398020A01459CAEB00E678D8 /* main.m */,
				398020A21459CAEB00E678D8 /* America-Prefix.pch */,
			);
			name = "Supporting Files";
			sourceTree = "<group>";
		};
/* End PBXGroup section */

/* Begin PBXNativeTarget section */
		3980208F1459CAEB00E678D8 /* America */ = {
			isa = PBXNativeTarget;
			buildConfigurationList = 398020A81459CAEB00E678D8 /* Build configuration list for PBXNativeTarget "America" */;
			buildPhases = (
				3980208C1459CAEB00E678D8 /* Sources */,
				3980208D1459CAEB00E678D8 /* Frameworks */,
				3980208E1459CAEB00E678D8 /* Resources */,
			);
			buildRules = (
			);
			dependencies = (
			);
			name = America;
			productName = America;
			productReference = 398020901459CAEB00E678D8 /* America.app */;
			productType = "com.apple.product-type.application";
		};
/* End PBXNativeTarget section */

/* Begin PBXProject section */
		398020871459CAEB00E678D8 /* Project object */ = {
			isa = PBXProject;
			attributes = {
				LastUpgradeCheck = 0420;
			};
			buildConfigurationList = 3980208A1459CAEB00E678D8 /* Build configuration list for PBXProject "America" */;
			compatibilityVersion = "Xcode 3.2";
			developmentRegion = English;
			hasScannedForEncodings = 0;
			knownRegions = (
				en,
			);
			mainGroup = 398020851459CAEB00E678D8;
			productRefGroup = 398020911459CAEB00E678D8 /* Products */;
			projectDirPath = "";
			projectRoot = "";
			targets = (
				3980208F1459CAEB00E678D8 /* America */,
			);
		};
/* End PBXProject section */

/* Begin PBXResourcesBuildPhase section */
		3980208E1459CAEB00E678D8 /* Resources */ = {
			isa = PBXResourcesBuildPhase;
			buildActionMask = 2147483647;
			files = (
				3980209F1459CAEB00E678D8 /* InfoPlist.strings in Resources */,
				39FDCA8E1462D934003BDDB7 /* patton.jpg in Resources */,
				FAED9F75164B210A001BC213 /* barack_obama.jpg in Resources */,
				FAED9F78164B2114001BC213 /* mitt_romney.jpg in Resources */,
				FAED9F7A164B2128001BC213 /* obama_smiling.jpg in Resources */,
				FAED9F7C164B2136001BC213 /* romney_lose.jpg in Resources */,
			);
			runOnlyForDeploymentPostprocessing = 0;
		};
/* End PBXResourcesBuildPhase section */

/* Begin PBXSourcesBuildPhase section */
		3980208C1459CAEB00E678D8 /* Sources */ = {
			isa = PBXSourcesBuildPhase;
			buildActionMask = 2147483647;
			files = (
				398020A11459CAEB00E678D8 /* main.m in Sources */,
				398020A51459CAEB00E678D8 /* AmericaAppDelegate.m in Sources */,
				398020B51459CBEF00E678D8 /* View.m in Sources */,
			);
			runOnlyForDeploymentPostprocessing = 0;
		};
/* End PBXSourcesBuildPhase section */

/* Begin PBXVariantGroup section */
		3980209D1459CAEB00E678D8 /* InfoPlist.strings */ = {
			isa = PBXVariantGroup;
			children = (
				3980209E1459CAEB00E678D8 /* en */,
			);
			name = InfoPlist.strings;
			sourceTree = "<group>";
		};
/* End PBXVariantGroup section */

/* Begin XCBuildConfiguration section */
		398020A61459CAEB00E678D8 /* Debug */ = {
			isa = XCBuildConfiguration;
			buildSettings = {
				ALWAYS_SEARCH_USER_PATHS = NO;
				ARCHS = "$(ARCHS_STANDARD_32_BIT)";
				CLANG_ENABLE_OBJC_ARC = YES;
				"CODE_SIGN_IDENTITY[sdk=iphoneos*]" = "iPhone Developer";
				COPY_PHASE_STRIP = NO;
				GCC_C_LANGUAGE_STANDARD = gnu99;
				GCC_DYNAMIC_NO_PIC = NO;
				GCC_OPTIMIZATION_LEVEL = 0;
				GCC_PREPROCESSOR_DEFINITIONS = (
					"DEBUG=1",
					"$(inherited)",
				);
				GCC_SYMBOLS_PRIVATE_EXTERN = NO;
				GCC_VERSION = com.apple.compilers.llvm.clang.1_0;
				GCC_WARN_ABOUT_MISSING_PROTOTYPES = YES;
				GCC_WARN_ABOUT_RETURN_TYPE = YES;
				GCC_WARN_UNUSED_VARIABLE = YES;
				IPHONEOS_DEPLOYMENT_TARGET = 5.0;
				SDKROOT = iphoneos;
			};
			name = Debug;
		};
		398020A71459CAEB00E678D8 /* Release */ = {
			isa = XCBuildConfiguration;
			buildSettings = {
				ALWAYS_SEARCH_USER_PATHS = NO;
				ARCHS = "$(ARCHS_STANDARD_32_BIT)";
				CLANG_ENABLE_OBJC_ARC = YES;
				"CODE_SIGN_IDENTITY[sdk=iphoneos*]" = "iPhone Developer";
				COPY_PHASE_STRIP = YES;
				GCC_C_LANGUAGE_STANDARD = gnu99;
				GCC_VERSION = com.apple.compilers.llvm.clang.1_0;
				GCC_WARN_ABOUT_MISSING_PROTOTYPES = YES;
				GCC_WARN_ABOUT_RETURN_TYPE = YES;
				GCC_WARN_UNUSED_VARIABLE = YES;
				IPHONEOS_DEPLOYMENT_TARGET = 5.0;
				OTHER_CFLAGS = "-DNS_BLOCK_ASSERTIONS=1";
				SDKROOT = iphoneos;
				VALIDATE_PRODUCT = YES;
			};
			name = Release;
		};
		398020A91459CAEB00E678D8 /* Debug */ = {
			isa = XCBuildConfiguration;
			buildSettings = {
				GCC_PRECOMPILE_PREFIX_HEADER = YES;
				GCC_PREFIX_HEADER = "America/America-Prefix.pch";
				INFOPLIST_FILE = "America/America-Info.plist";
				PRODUCT_NAME = "$(TARGET_NAME)";
				WRAPPER_EXTENSION = app;
			};
			name = Debug;
		};
		398020AA1459CAEB00E678D8 /* Release */ = {
			isa = XCBuildConfiguration;
			buildSettings = {
				GCC_PRECOMPILE_PREFIX_HEADER = YES;
				GCC_PREFIX_HEADER = "America/America-Prefix.pch";
				INFOPLIST_FILE = "America/America-Info.plist";
				PRODUCT_NAME = "$(TARGET_NAME)";
				WRAPPER_EXTENSION = app;
			};
			name = Release;
		};
/* End XCBuildConfiguration section */

/* Begin XCConfigurationList section */
		3980208A1459CAEB00E678D8 /* Build configuration list for PBXProject "America" */ = {
			isa = XCConfigurationList;
			buildConfigurations = (
				398020A61459CAEB00E678D8 /* Debug */,
				398020A71459CAEB00E678D8 /* Release */,
			);
			defaultConfigurationIsVisible = 0;
			defaultConfigurationName = Release;
		};
		398020A81459CAEB00E678D8 /* Build configuration list for PBXNativeTarget "America" */ = {
			isa = XCConfigurationList;
			buildConfigurations = (
				398020A91459CAEB00E678D8 /* Debug */,
				398020AA1459CAEB00E678D8 /* Release */,
			);
			defaultConfigurationIsVisible = 0;
			defaultConfigurationName = Release;
		};
/* End XCConfigurationList section */
	};
	rootObject = 398020871459CAEB00E678D8 /* Project object */;
}
